
Microsoft Visual Studio Solution File, Format Version 12.00
# Visual Studio Version 16
VisualStudioVersion = 16.0.33529.622
MinimumVisualStudioVersion = 10.0.40219.1
Project("{FAE04EC0-301F-11D3-BF4B-00C04F79EFBC}") = "ITMO.WpfCS.Cours2023-3.lab2-2.WpfRoutedEvent_2_2", "ITMO.WpfCS.Cours2023-3.lab2-2.WpfRoutedEvent_2_2\ITMO.WpfCS.Cours2023-3.lab2-2.WpfRoutedEvent_2_2.csproj", "{14CC8727-8B63-45C3-A403-E48597F61CDD}"
EndProject
Global
	GlobalSection(SolutionConfigurationPlatforms) = preSolution
		Debug|Any CPU = Debug|Any CPU
		Release|Any CPU = Release|Any CPU
	EndGlobalSection
	GlobalSection(ProjectConfigurationPlatforms) = postSolution
		{14CC8727-8B63-45C3-A403-E48597F61CDD}.Debug|Any CPU.ActiveCfg = Debug|Any CPU
		{14CC8727-8B63-45C3-A403-E48597F61CDD}.Debug|Any CPU.Build.0 = Debug|Any CPU
		{14CC8727-8B63-45C3-A403-E48597F61CDD}.Release|Any CPU.ActiveCfg = Release|Any CPU
		{14CC8727-8B63-45C3-A403-E48597F61CDD}.Release|Any CPU.Build.0 = Release|Any CPU
	EndGlobalSection
	GlobalSection(SolutionProperties) = preSolution
		HideSolutionNode = FALSE
	EndGlobalSection
	GlobalSection(ExtensibilityGlobals) = postSolution
		SolutionGuid = {244595AA-D47A-4C26-B70E-6BEFF11DCF4D}
	EndGlobalSection
EndGlobal
