
Microsoft Visual Studio Solution File, Format Version 12.00
# Visual Studio Version 16
VisualStudioVersion = 16.0.33529.622
MinimumVisualStudioVersion = 10.0.40219.1
Project("{FAE04EC0-301F-11D3-BF4B-00C04F79EFBC}") = "ITMO.WpfCS.Cours2023-3.lab4-1.UserIn1", "ITMO.WpfCS.Cours2023-3.lab4-1.UserIn1\ITMO.WpfCS.Cours2023-3.lab4-1.UserIn1.csproj", "{07533011-BBCC-4B19-820D-4182914490D0}"
EndProject
Global
	GlobalSection(SolutionConfigurationPlatforms) = preSolution
		Debug|Any CPU = Debug|Any CPU
		Release|Any CPU = Release|Any CPU
	EndGlobalSection
	GlobalSection(ProjectConfigurationPlatforms) = postSolution
		{07533011-BBCC-4B19-820D-4182914490D0}.Debug|Any CPU.ActiveCfg = Debug|Any CPU
		{07533011-BBCC-4B19-820D-4182914490D0}.Debug|Any CPU.Build.0 = Debug|Any CPU
		{07533011-BBCC-4B19-820D-4182914490D0}.Release|Any CPU.ActiveCfg = Release|Any CPU
		{07533011-BBCC-4B19-820D-4182914490D0}.Release|Any CPU.Build.0 = Release|Any CPU
	EndGlobalSection
	GlobalSection(SolutionProperties) = preSolution
		HideSolutionNode = FALSE
	EndGlobalSection
	GlobalSection(ExtensibilityGlobals) = postSolution
		SolutionGuid = {D1744DE0-DDDA-4155-9773-0BEDAD501680}
	EndGlobalSection
EndGlobal
