
Microsoft Visual Studio Solution File, Format Version 12.00
# Visual Studio Version 16
VisualStudioVersion = 16.0.33529.622
MinimumVisualStudioVersion = 10.0.40219.1
Project("{FAE04EC0-301F-11D3-BF4B-00C04F79EFBC}") = "ITMO.WpfCS.Cours2023-3.lab9.DataBindingDemo", "ITMO.WpfCS.Cours2023-3.lab9.DataBindingDemo\ITMO.WpfCS.Cours2023-3.lab9.DataBindingDemo.csproj", "{CDB0B74B-702C-4121-B0C4-00B978F4005A}"
EndProject
Global
	GlobalSection(SolutionConfigurationPlatforms) = preSolution
		Debug|Any CPU = Debug|Any CPU
		Release|Any CPU = Release|Any CPU
	EndGlobalSection
	GlobalSection(ProjectConfigurationPlatforms) = postSolution
		{CDB0B74B-702C-4121-B0C4-00B978F4005A}.Debug|Any CPU.ActiveCfg = Debug|Any CPU
		{CDB0B74B-702C-4121-B0C4-00B978F4005A}.Debug|Any CPU.Build.0 = Debug|Any CPU
		{CDB0B74B-702C-4121-B0C4-00B978F4005A}.Release|Any CPU.ActiveCfg = Release|Any CPU
		{CDB0B74B-702C-4121-B0C4-00B978F4005A}.Release|Any CPU.Build.0 = Release|Any CPU
	EndGlobalSection
	GlobalSection(SolutionProperties) = preSolution
		HideSolutionNode = FALSE
	EndGlobalSection
	GlobalSection(ExtensibilityGlobals) = postSolution
		SolutionGuid = {F79A1E53-16DA-4EAD-9C86-D984E61E5FBF}
	EndGlobalSection
EndGlobal
